{
  "accelerator": {
    "available": true,
    "cuda": "12.8",
    "gpu_name": "NVIDIA A100-SXM4-80GB"
  },
  "note": "CAPTURED (not transcribed). Frozen via scripts/c4_freeze_environment.py on a Lightning AI Studio (NVIDIA A100-SXM4-80GB) immediately before the qualification run. All packages recorded directly from the live environment; no null pins.",
  "packages": {
    "huggingface_hub": "1.27.0",
    "numpy": "1.26.4",
    "safetensors": "0.8.0",
    "tokenizers": "0.22.2",
    "torch": "2.8.0+cu128",
    "transformers": "5.14.1"
  },
  "python": "3.12.11",
  "schema_version": "c4-environment-lock-v1"
}
